
Microsoft Visual Studio Solution File, Format Version 12.00
# Visual Studio 15
VisualStudioVersion = 15.0.27130.2027
MinimumVisualStudioVersion = 10.0.40219.1
Project("{FAE04EC0-301F-11D3-BF4B-00C04F79EFBC}") = "WebApi", "Ttf.WebApi\WebApi.csproj", "{9F8D4858-E010-4514-9727-EB5C683A0B5B}"
EndProject
Project("{FAE04EC0-301F-11D3-BF4B-00C04F79EFBC}") = "BusinessLayer", "Ttf.BusinessLayer\BusinessLayer.csproj", "{C4CDB609-08FC-49D6-B584-059A153ABA13}"
EndProject
Project("{FAE04EC0-301F-11D3-BF4B-00C04F79EFBC}") = "DataAccess", "DataAccess\DataAccess.csproj", "{B30D18E1-6722-42A8-AFA2-8FF1C9B862AE}"
EndProject
Global
	GlobalSection(SolutionConfigurationPlatforms) = preSolution
		Debug|Any CPU = Debug|Any CPU
		Release|Any CPU = Release|Any CPU
	EndGlobalSection
	GlobalSection(ProjectConfigurationPlatforms) = postSolution
		{9F8D4858-E010-4514-9727-EB5C683A0B5B}.Debug|Any CPU.ActiveCfg = Debug|Any CPU
		{9F8D4858-E010-4514-9727-EB5C683A0B5B}.Debug|Any CPU.Build.0 = Debug|Any CPU
		{9F8D4858-E010-4514-9727-EB5C683A0B5B}.Release|Any CPU.ActiveCfg = Release|Any CPU
		{9F8D4858-E010-4514-9727-EB5C683A0B5B}.Release|Any CPU.Build.0 = Release|Any CPU
		{C4CDB609-08FC-49D6-B584-059A153ABA13}.Debug|Any CPU.ActiveCfg = Debug|Any CPU
		{C4CDB609-08FC-49D6-B584-059A153ABA13}.Debug|Any CPU.Build.0 = Debug|Any CPU
		{C4CDB609-08FC-49D6-B584-059A153ABA13}.Release|Any CPU.ActiveCfg = Release|Any CPU
		{C4CDB609-08FC-49D6-B584-059A153ABA13}.Release|Any CPU.Build.0 = Release|Any CPU
		{B30D18E1-6722-42A8-AFA2-8FF1C9B862AE}.Debug|Any CPU.ActiveCfg = Debug|Any CPU
		{B30D18E1-6722-42A8-AFA2-8FF1C9B862AE}.Debug|Any CPU.Build.0 = Debug|Any CPU
		{B30D18E1-6722-42A8-AFA2-8FF1C9B862AE}.Release|Any CPU.ActiveCfg = Release|Any CPU
		{B30D18E1-6722-42A8-AFA2-8FF1C9B862AE}.Release|Any CPU.Build.0 = Release|Any CPU
	EndGlobalSection
	GlobalSection(SolutionProperties) = preSolution
		HideSolutionNode = FALSE
	EndGlobalSection
	GlobalSection(ExtensibilityGlobals) = postSolution
		SolutionGuid = {F7A239AB-96DE-4D70-96C4-73C24EBBC675}
	EndGlobalSection
EndGlobal
